{
  "name": "netas",
  "version": "0.0.9",
  "lockfileVersion": 1,
  "requires": true,
  "dependencies": {
    "@types/node": {
      "version": "14.14.12",
      "resolved": "https://registry.npm.taobao.org/@types/node/download/@types/node-14.14.12.tgz?cache=0&sync_timestamp=1607590702291&other_urls=https%3A%2F%2Fregistry.npm.taobao.org%2F%40types%2Fnode%2Fdownload%2F%40types%2Fnode-14.14.12.tgz",
      "integrity": "sha1-Cx2G+MQBQQkShd6gLklA33O7pD8=",
      "dev": true
    },
    "json": {
      "version": "10.0.0",
      "resolved": "https://registry.npm.taobao.org/json/download/json-10.0.0.tgz",
      "integrity": "sha1-xJqTnUq8cGfMIlQZ1d0Xq3vy9mw="
    },
    "mime": {
      "version": "2.4.6",
      "resolved": "https://registry.npm.taobao.org/mime/download/mime-2.4.6.tgz?cache=0&sync_timestamp=1590596706367&other_urls=https%3A%2F%2Fregistry.npm.taobao.org%2Fmime%2Fdownload%2Fmime-2.4.6.tgz",
      "integrity": "sha1-5bQHyQ20QvK+tbFiNz0Htpr/pNE="
    },
    "querystring": {
      "version": "0.2.0",
      "resolved": "https://registry.npm.taobao.org/querystring/download/querystring-0.2.0.tgz",
      "integrity": "sha1-sgmEkgO7Jd+CDadW50cAWHhSFiA="
    },
    "url": {
      "version": "0.11.0",
      "resolved": "https://registry.npm.taobao.org/url/download/url-0.11.0.tgz",
      "integrity": "sha1-ODjpfPxgUh63PFJajlW/3Z4uKPE=",
      "requires": {
        "punycode": "1.3.2",
        "querystring": "0.2.0"
      },
      "dependencies": {
        "punycode": {
          "version": "1.3.2",
          "resolved": "https://registry.npm.taobao.org/punycode/download/punycode-1.3.2.tgz",
          "integrity": "sha1-llOgNvt8HuQjQvIyXM7v6jkmxI0="
        }
      }
    },
    "uuid": {
      "version": "8.3.2",
      "resolved": "https://registry.npm.taobao.org/uuid/download/uuid-8.3.2.tgz?cache=0&sync_timestamp=1607460081656&other_urls=https%3A%2F%2Fregistry.npm.taobao.org%2Fuuid%2Fdownload%2Fuuid-8.3.2.tgz",
      "integrity": "sha1-gNW1ztJxu5r2xEXyGhoExgbO++I="
    }
  }
}
